Microsoft Visual Studio Solution File, Format Version 8.00
Project("{FAE04EC0-301F-11D3-BF4B-00C04F79EFBC}") = "Addin2", "Addin2.csproj", "{3BC533D0-2A1D-4EAC-8E19-BFD177B495EC}"
	ProjectSection(ProjectDependencies) = postProject
	EndProjectSection
EndProject
Global
	GlobalSection(SolutionConfiguration) = preSolution
		Debug = Debug
		Release = Release
	EndGlobalSection
	GlobalSection(ProjectConfiguration) = postSolution
		{3BC533D0-2A1D-4EAC-8E19-BFD177B495EC}.Debug.ActiveCfg = Debug|.NET
		{3BC533D0-2A1D-4EAC-8E19-BFD177B495EC}.Debug.Build.0 = Debug|.NET
		{3BC533D0-2A1D-4EAC-8E19-BFD177B495EC}.Release.ActiveCfg = Release|.NET
		{3BC533D0-2A1D-4EAC-8E19-BFD177B495EC}.Release.Build.0 = Release|.NET
	EndGlobalSection
	GlobalSection(ExtensibilityGlobals) = postSolution
	EndGlobalSection
	GlobalSection(ExtensibilityAddIns) = postSolution
	EndGlobalSection
EndGlobal
